
Microsoft Visual Studio Solution File, Format Version 12.00
# Visual Studio Version 16
VisualStudioVersion = 16.0.31205.134
MinimumVisualStudioVersion = 10.0.40219.1
Project("{9A19103F-16F7-4668-BE54-9A1E7A4F7556}") = "WinFormsAppCreateDataBase", "WinFormsAppCreateDataBase\WinFormsAppCreateDataBase.csproj", "{695C8671-5023-4C3C-9098-D360A1D957AD}"
EndProject
Project("{9A19103F-16F7-4668-BE54-9A1E7A4F7556}") = "ClassLibraryDB_Sql_code_first", "ClassLibraryDB_Sql_code_first\ClassLibraryDB_Sql_code_first.csproj", "{F5A1771E-A67A-4E2C-BC1E-314189E1FE24}"
EndProject
Project("{9A19103F-16F7-4668-BE54-9A1E7A4F7556}") = "WF_ServerUDP", "WF_ServerUDP\WF_ServerUDP.csproj", "{241E13A5-5793-4527-A363-9458A52AAA00}"
EndProject
Project("{FAE04EC0-301F-11D3-BF4B-00C04F79EFBC}") = "WF_ClientUDP", "WF_ClientUDP\WF_ClientUDP.csproj", "{DEDF53EC-29A1-46AE-ABB1-3C30810785AE}"
EndProject
Global
	GlobalSection(SolutionConfigurationPlatforms) = preSolution
		Debug|Any CPU = Debug|Any CPU
		Release|Any CPU = Release|Any CPU
	EndGlobalSection
	GlobalSection(ProjectConfigurationPlatforms) = postSolution
		{695C8671-5023-4C3C-9098-D360A1D957AD}.Debug|Any CPU.ActiveCfg = Debug|Any CPU
		{695C8671-5023-4C3C-9098-D360A1D957AD}.Debug|Any CPU.Build.0 = Debug|Any CPU
		{695C8671-5023-4C3C-9098-D360A1D957AD}.Release|Any CPU.ActiveCfg = Release|Any CPU
		{695C8671-5023-4C3C-9098-D360A1D957AD}.Release|Any CPU.Build.0 = Release|Any CPU
		{F5A1771E-A67A-4E2C-BC1E-314189E1FE24}.Debug|Any CPU.ActiveCfg = Debug|Any CPU
		{F5A1771E-A67A-4E2C-BC1E-314189E1FE24}.Debug|Any CPU.Build.0 = Debug|Any CPU
		{F5A1771E-A67A-4E2C-BC1E-314189E1FE24}.Release|Any CPU.ActiveCfg = Release|Any CPU
		{F5A1771E-A67A-4E2C-BC1E-314189E1FE24}.Release|Any CPU.Build.0 = Release|Any CPU
		{241E13A5-5793-4527-A363-9458A52AAA00}.Debug|Any CPU.ActiveCfg = Debug|Any CPU
		{241E13A5-5793-4527-A363-9458A52AAA00}.Debug|Any CPU.Build.0 = Debug|Any CPU
		{241E13A5-5793-4527-A363-9458A52AAA00}.Release|Any CPU.ActiveCfg = Release|Any CPU
		{241E13A5-5793-4527-A363-9458A52AAA00}.Release|Any CPU.Build.0 = Release|Any CPU
		{DEDF53EC-29A1-46AE-ABB1-3C30810785AE}.Debug|Any CPU.ActiveCfg = Debug|Any CPU
		{DEDF53EC-29A1-46AE-ABB1-3C30810785AE}.Debug|Any CPU.Build.0 = Debug|Any CPU
		{DEDF53EC-29A1-46AE-ABB1-3C30810785AE}.Release|Any CPU.ActiveCfg = Release|Any CPU
		{DEDF53EC-29A1-46AE-ABB1-3C30810785AE}.Release|Any CPU.Build.0 = Release|Any CPU
	EndGlobalSection
	GlobalSection(SolutionProperties) = preSolution
		HideSolutionNode = FALSE
	EndGlobalSection
	GlobalSection(ExtensibilityGlobals) = postSolution
		SolutionGuid = {BDF70D78-848F-4605-97F4-11D878F93B76}
	EndGlobalSection
EndGlobal
